{
  "requires": true,
  "lockfileVersion": 1,
  "dependencies": {
    "oclazyload": {
      "version": "1.1.0",
      "resolved": "https://registry.npmjs.org/oclazyload/-/oclazyload-1.1.0.tgz",
      "integrity": "sha1-qYBzIvGQggqBwCLy7xcB0DbYPoc="
    },
    "sweetalert2": {
      "version": "9.5.4",
      "resolved": "https://registry.npmjs.org/sweetalert2/-/sweetalert2-9.5.4.tgz",
      "integrity": "sha512-9FSmW9mCbRTHyx6Nbtgeb5348pJYNGaBafn3reKe/Zx/gOBgxsRVHj3GQ4VusU/tuqDobKAIHUdUvNdsU3MXPQ=="
    }
  }
}
